
Microsoft Visual Studio Solution File, Format Version 12.00
Project("{FAE04EC0-301F-11D3-BF4B-00C04F79EFBC}") = "POO_Proyect_Cartas", "POO_Proyect_Cartas\POO_Proyect_Cartas.csproj", "{868FC7EF-1C3E-48CE-A229-143BEF0D3639}"
EndProject
Global
	GlobalSection(SolutionConfigurationPlatforms) = preSolution
		Debug|Any CPU = Debug|Any CPU
		Release|Any CPU = Release|Any CPU
	EndGlobalSection
	GlobalSection(ProjectConfigurationPlatforms) = postSolution
		{868FC7EF-1C3E-48CE-A229-143BEF0D3639}.Debug|Any CPU.ActiveCfg = Debug|Any CPU
		{868FC7EF-1C3E-48CE-A229-143BEF0D3639}.Debug|Any CPU.Build.0 = Debug|Any CPU
		{868FC7EF-1C3E-48CE-A229-143BEF0D3639}.Release|Any CPU.ActiveCfg = Release|Any CPU
		{868FC7EF-1C3E-48CE-A229-143BEF0D3639}.Release|Any CPU.Build.0 = Release|Any CPU
	EndGlobalSection
EndGlobal
